
Microsoft Visual Studio Solution File, Format Version 12.00
# Visual Studio Version 16
VisualStudioVersion = 16.0.30804.86
MinimumVisualStudioVersion = 10.0.40219.1
Project("{FAE04EC0-301F-11D3-BF4B-00C04F79EFBC}") = "WorkBenchC", "WorkBenchC\WorkBenchC.csproj", "{1730A127-327B-497D-A90E-4135DD2E3B71}"
EndProject
Global
	GlobalSection(SolutionConfigurationPlatforms) = preSolution
		Debug|Any CPU = Debug|Any CPU
		Release|Any CPU = Release|Any CPU
	EndGlobalSection
	GlobalSection(ProjectConfigurationPlatforms) = postSolution
		{1730A127-327B-497D-A90E-4135DD2E3B71}.Debug|Any CPU.ActiveCfg = Debug|Any CPU
		{1730A127-327B-497D-A90E-4135DD2E3B71}.Debug|Any CPU.Build.0 = Debug|Any CPU
		{1730A127-327B-497D-A90E-4135DD2E3B71}.Release|Any CPU.ActiveCfg = Release|Any CPU
		{1730A127-327B-497D-A90E-4135DD2E3B71}.Release|Any CPU.Build.0 = Release|Any CPU
	EndGlobalSection
	GlobalSection(SolutionProperties) = preSolution
		HideSolutionNode = FALSE
	EndGlobalSection
	GlobalSection(ExtensibilityGlobals) = postSolution
		SolutionGuid = {2D16E5C0-7748-4532-877B-24272575F87C}
	EndGlobalSection
EndGlobal
